
Microsoft Visual Studio Solution File, Format Version 12.00
# Visual Studio Version 17
VisualStudioVersion = 17.4.33213.308
MinimumVisualStudioVersion = 10.0.40219.1
Project("{9A19103F-16F7-4668-BE54-9A1E7A4F7556}") = "SampleAPI", "SampleAPI\SampleAPI.csproj", "{167C88D2-4988-4496-986F-ED316D3D7FAC}"
EndProject
Project("{9A19103F-16F7-4668-BE54-9A1E7A4F7556}") = "SampleAPI.Tests", "SampleAPI.Tests\SampleAPI.Tests.csproj", "{BBC222B9-2E23-4CA9-AC17-943EED7EF183}"
EndProject
Global
	GlobalSection(SolutionConfigurationPlatforms) = preSolution
		Debug|Any CPU = Debug|Any CPU
		Release|Any CPU = Release|Any CPU
	EndGlobalSection
	GlobalSection(ProjectConfigurationPlatforms) = postSolution
		{167C88D2-4988-4496-986F-ED316D3D7FAC}.Debug|Any CPU.ActiveCfg = Debug|Any CPU
		{167C88D2-4988-4496-986F-ED316D3D7FAC}.Debug|Any CPU.Build.0 = Debug|Any CPU
		{167C88D2-4988-4496-986F-ED316D3D7FAC}.Release|Any CPU.ActiveCfg = Release|Any CPU
		{167C88D2-4988-4496-986F-ED316D3D7FAC}.Release|Any CPU.Build.0 = Release|Any CPU
		{BBC222B9-2E23-4CA9-AC17-943EED7EF183}.Debug|Any CPU.ActiveCfg = Debug|Any CPU
		{BBC222B9-2E23-4CA9-AC17-943EED7EF183}.Debug|Any CPU.Build.0 = Debug|Any CPU
		{BBC222B9-2E23-4CA9-AC17-943EED7EF183}.Release|Any CPU.ActiveCfg = Release|Any CPU
		{BBC222B9-2E23-4CA9-AC17-943EED7EF183}.Release|Any CPU.Build.0 = Release|Any CPU
	EndGlobalSection
	GlobalSection(SolutionProperties) = preSolution
		HideSolutionNode = FALSE
	EndGlobalSection
	GlobalSection(ExtensibilityGlobals) = postSolution
		SolutionGuid = {4172B393-99D4-478A-96DF-306D14EDECF6}
	EndGlobalSection
EndGlobal
