
Microsoft Visual Studio Solution File, Format Version 12.00
# Visual Studio Version 17
VisualStudioVersion = 17.4.33213.308
MinimumVisualStudioVersion = 10.0.40219.1
Project("{9A19103F-16F7-4668-BE54-9A1E7A4F7556}") = "SampleAPI", "SampleAPI.csproj", "{D33B3EFF-F8B9-4191-B893-DD5FA2CEE0A4}"
EndProject
Project("{9A19103F-16F7-4668-BE54-9A1E7A4F7556}") = "SampleAPI.Tests", "..\SampleAPI.Tests\SampleAPI.Tests.csproj", "{49626C25-B0E6-462C-A7AD-3A2EE10EDF40}"
EndProject
Global
	GlobalSection(SolutionConfigurationPlatforms) = preSolution
		Debug|Any CPU = Debug|Any CPU
		Release|Any CPU = Release|Any CPU
	EndGlobalSection
	GlobalSection(ProjectConfigurationPlatforms) = postSolution
		{D33B3EFF-F8B9-4191-B893-DD5FA2CEE0A4}.Debug|Any CPU.ActiveCfg = Debug|Any CPU
		{D33B3EFF-F8B9-4191-B893-DD5FA2CEE0A4}.Debug|Any CPU.Build.0 = Debug|Any CPU
		{D33B3EFF-F8B9-4191-B893-DD5FA2CEE0A4}.Release|Any CPU.ActiveCfg = Release|Any CPU
		{D33B3EFF-F8B9-4191-B893-DD5FA2CEE0A4}.Release|Any CPU.Build.0 = Release|Any CPU
		{49626C25-B0E6-462C-A7AD-3A2EE10EDF40}.Debug|Any CPU.ActiveCfg = Debug|Any CPU
		{49626C25-B0E6-462C-A7AD-3A2EE10EDF40}.Debug|Any CPU.Build.0 = Debug|Any CPU
		{49626C25-B0E6-462C-A7AD-3A2EE10EDF40}.Release|Any CPU.ActiveCfg = Release|Any CPU
		{49626C25-B0E6-462C-A7AD-3A2EE10EDF40}.Release|Any CPU.Build.0 = Release|Any CPU
	EndGlobalSection
	GlobalSection(SolutionProperties) = preSolution
		HideSolutionNode = FALSE
	EndGlobalSection
	GlobalSection(ExtensibilityGlobals) = postSolution
		SolutionGuid = {4172B393-99D4-478A-96DF-306D14EDECF6}
	EndGlobalSection
EndGlobal
